
Microsoft Visual Studio Solution File, Format Version 12.00
# Visual Studio Version 16
VisualStudioVersion = 16.0.30011.22
MinimumVisualStudioVersion = 10.0.40219.1
Project("{FAE04EC0-301F-11D3-BF4B-00C04F79EFBC}") = "PracticeAuthwithReactDotnetCore2", "PracticeAuthwithReactDotnetCore2\PracticeAuthwithReactDotnetCore2.csproj", "{00BEEE8C-0865-4ACB-A2EA-FB872EA371C6}"
EndProject
Global
	GlobalSection(SolutionConfigurationPlatforms) = preSolution
		Debug|Any CPU = Debug|Any CPU
		Release|Any CPU = Release|Any CPU
	EndGlobalSection
	GlobalSection(ProjectConfigurationPlatforms) = postSolution
		{00BEEE8C-0865-4ACB-A2EA-FB872EA371C6}.Debug|Any CPU.ActiveCfg = Debug|Any CPU
		{00BEEE8C-0865-4ACB-A2EA-FB872EA371C6}.Debug|Any CPU.Build.0 = Debug|Any CPU
		{00BEEE8C-0865-4ACB-A2EA-FB872EA371C6}.Release|Any CPU.ActiveCfg = Release|Any CPU
		{00BEEE8C-0865-4ACB-A2EA-FB872EA371C6}.Release|Any CPU.Build.0 = Release|Any CPU
	EndGlobalSection
	GlobalSection(SolutionProperties) = preSolution
		HideSolutionNode = FALSE
	EndGlobalSection
	GlobalSection(ExtensibilityGlobals) = postSolution
		SolutionGuid = {20918250-D2EB-4CBF-8423-102A2BF8B9A6}
	EndGlobalSection
EndGlobal
